
Microsoft Visual Studio Solution File, Format Version 12.00
# Visual Studio Version 17
VisualStudioVersion = 17.7.34024.191
MinimumVisualStudioVersion = 10.0.40219.1
Project("{FAE04EC0-301F-11D3-BF4B-00C04F79EFBC}") = "ShrimpGuard", "ShrimpGuard\ShrimpGuard.csproj", "{6EA88634-2D59-470F-BD84-E4A2CBA5DCFC}"
EndProject
Global
	GlobalSection(SolutionConfigurationPlatforms) = preSolution
		Debug|Any CPU = Debug|Any CPU
		Release|Any CPU = Release|Any CPU
	EndGlobalSection
	GlobalSection(ProjectConfigurationPlatforms) = postSolution
		{6EA88634-2D59-470F-BD84-E4A2CBA5DCFC}.Debug|Any CPU.ActiveCfg = Debug|Any CPU
		{6EA88634-2D59-470F-BD84-E4A2CBA5DCFC}.Debug|Any CPU.Build.0 = Debug|Any CPU
		{6EA88634-2D59-470F-BD84-E4A2CBA5DCFC}.Release|Any CPU.ActiveCfg = Release|Any CPU
		{6EA88634-2D59-470F-BD84-E4A2CBA5DCFC}.Release|Any CPU.Build.0 = Release|Any CPU
	EndGlobalSection
	GlobalSection(SolutionProperties) = preSolution
		HideSolutionNode = FALSE
	EndGlobalSection
	GlobalSection(ExtensibilityGlobals) = postSolution
		SolutionGuid = {AF6BF5DA-3A17-41CE-B2DF-80532D2EDB80}
	EndGlobalSection
EndGlobal
